{
  "nodes": {
    "dracula-nvim": {
      "flake": false,
      "locked": {
        "lastModified": 1622812531,
        "narHash": "sha256-Zj9Mp7hwBhDr880dQ6RfiSm9xg58tNriwM3DJLKaNr8=",
        "owner": "Mofiqul",
        "repo": "dracula.nvim",
        "rev": "2f98ce06c359fa3f9c34d274615b3f269f89e55c",
        "type": "github"
      },
      "original": {
        "owner": "Mofiqul",
        "repo": "dracula.nvim",
        "type": "github"
      }
    },
    "grapejuice-patched": {
      "inputs": {
        "nixpkgs": "nixpkgs"
      },
      "locked": {
        "lastModified": 1627692715,
        "narHash": "sha256-epdxwDpuEE/TscRA0kulGBtxEhNKqrpLhO05slDUeCk=",
        "owner": "shadowninja55",
        "repo": "grapejuice-patched",
        "rev": "cc2efc453ae903c99549394f4e8d545af4735c96",
        "type": "github"
      },
      "original": {
        "owner": "shadowninja55",
        "repo": "grapejuice-patched",
        "type": "github"
      }
    },
    "home-manager": {
      "inputs": {
        "nixpkgs": [
          "nixpkgs"
        ]
      },
      "locked": {
        "lastModified": 1627592512,
        "narHash": "sha256-+bauwACGl+/dTQB047XImRz5P6Lp6vxl5ruiKjtENxo=",
        "owner": "nix-community",
        "repo": "home-manager",
        "rev": "7f976da06840c268cc291a021bab7532b923713c",
        "type": "github"
      },
      "original": {
        "owner": "nix-community",
        "repo": "home-manager",
        "type": "github"
      }
    },
    "naersk": {
      "inputs": {
        "nixpkgs": "nixpkgs_3"
      },
      "locked": {
        "lastModified": 1605267184,
        "narHash": "sha256-0FSNlq6nN0/W88fg5kTkgRhAOQ8pI+uSZqBG9w49pMM=",
        "owner": "nmattia",
        "repo": "naersk",
        "rev": "ce273fa593dcc94a629d0d869f07d96d2b337e37",
        "type": "github"
      },
      "original": {
        "owner": "nmattia",
        "repo": "naersk",
        "type": "github"
      }
    },
    "nixpkgs": {
      "locked": {
        "lastModified": 1627692022,
        "narHash": "sha256-C8EOif02hpY68MdJ4oHr3Tp0D/6HwnPWvhhwTPd1lXs=",
        "owner": "NixOS",
        "repo": "nixpkgs",
        "rev": "6463828755b6a03f6af7e549216bef837b03b3e1",
        "type": "github"
      },
      "original": {
        "owner": "NixOS",
        "repo": "nixpkgs",
        "type": "github"
      }
    },
    "nixpkgs_2": {
      "locked": {
        "lastModified": 1627391865,
        "narHash": "sha256-tPoWBO9Nzu3wuX37WcnctzL6LoDCErJLnfLGqqmXCm4=",
        "owner": "nixos",
        "repo": "nixpkgs",
        "rev": "8ecc61c91a596df7d3293603a9c2384190c1b89a",
        "type": "github"
      },
      "original": {
        "owner": "nixos",
        "ref": "nixos-unstable",
        "repo": "nixpkgs",
        "type": "github"
      }
    },
    "nixpkgs_3": {
      "locked": {
        "lastModified": 1605988311,
        "narHash": "sha256-PA+kgq46NApOAJlmBNJHs5DwsIrY+jodM0e4g7VtXyY=",
        "owner": "NixOS",
        "repo": "nixpkgs",
        "rev": "2247d824fe07f16325596acc7faa286502faffd1",
        "type": "github"
      },
      "original": {
        "id": "nixpkgs",
        "type": "indirect"
      }
    },
    "nixpkgs_4": {
      "locked": {
        "lastModified": 1605988311,
        "narHash": "sha256-PA+kgq46NApOAJlmBNJHs5DwsIrY+jodM0e4g7VtXyY=",
        "owner": "NixOS",
        "repo": "nixpkgs",
        "rev": "2247d824fe07f16325596acc7faa286502faffd1",
        "type": "github"
      },
      "original": {
        "id": "nixpkgs",
        "type": "indirect"
      }
    },
    "rnix-lsp": {
      "inputs": {
        "naersk": "naersk",
        "nixpkgs": "nixpkgs_4",
        "utils": "utils"
      },
      "locked": {
        "lastModified": 1626644818,
        "narHash": "sha256-w0hpyFXxltmOpbBKNQ2tfKRWELQzStc/ho1EcNyYaWc=",
        "owner": "nix-community",
        "repo": "rnix-lsp",
        "rev": "1fdd7cf9bf56b8ad2dddcfd27354dae8aef2b453",
        "type": "github"
      },
      "original": {
        "owner": "nix-community",
        "repo": "rnix-lsp",
        "type": "github"
      }
    },
    "root": {
      "inputs": {
        "dracula-nvim": "dracula-nvim",
        "grapejuice-patched": "grapejuice-patched",
        "home-manager": "home-manager",
        "nixpkgs": "nixpkgs_2",
        "rnix-lsp": "rnix-lsp",
        "v-vim": "v-vim"
      }
    },
    "utils": {
      "locked": {
        "lastModified": 1605370193,
        "narHash": "sha256-YyMTf3URDL/otKdKgtoMChu4vfVL3vCMkRqpGifhUn0=",
        "owner": "numtide",
        "repo": "flake-utils",
        "rev": "5021eac20303a61fafe17224c087f5519baed54d",
        "type": "github"
      },
      "original": {
        "owner": "numtide",
        "repo": "flake-utils",
        "type": "github"
      }
    },
    "v-vim": {
      "flake": false,
      "locked": {
        "lastModified": 1622591649,
        "narHash": "sha256-qvMQmu0bzaM3SWyxhDoyWd1MwwmFUaFtf9xG9Lk1pLw=",
        "owner": "ollykel",
        "repo": "v-vim",
        "rev": "f7f3a9a8402ae7276df2e4bc8b3bad62d16874b5",
        "type": "github"
      },
      "original": {
        "owner": "ollykel",
        "repo": "v-vim",
        "type": "github"
      }
    }
  },
  "root": "root",
  "version": 7
}
