{
  "nodes": {
    "dracula-nvim": {
      "flake": false,
      "locked": {
        "lastModified": 1631239715,
        "narHash": "sha256-onSF6R+zPLQ/MPI/n9UaMqsVot63byHvUqJF9irhRCs=",
        "owner": "mofiqul",
        "repo": "dracula.nvim",
        "rev": "1e0330d5dde882a64deb89a3c3c7ef9c22050296",
        "type": "github"
      },
      "original": {
        "owner": "mofiqul",
        "repo": "dracula.nvim",
        "type": "github"
      }
    },
    "dracula-powercord": {
      "flake": false,
      "locked": {
        "lastModified": 1631042870,
        "narHash": "sha256-n8Q6gBcRG5FTawFBjHvhAy2x5bmf3AGImK78O9ExoH8=",
        "owner": "slowstab",
        "repo": "dracula",
        "rev": "fa64ffb1d8d2e988297a043e664352c2dfee5d53",
        "type": "github"
      },
      "original": {
        "owner": "slowstab",
        "repo": "dracula",
        "type": "github"
      }
    },
    "dyalog-nixos": {
      "flake": false,
      "locked": {
        "lastModified": 1630773715,
        "narHash": "sha256-cy1ZSLIHdE7qEfW5jc8WoCZhk+HxMng6if6XU3rnR40=",
        "owner": "markus1189",
        "repo": "dyalog-nixos",
        "rev": "d3217f4d68ba7a35c93a4d9329e54c6599f871ba",
        "type": "github"
      },
      "original": {
        "owner": "markus1189",
        "repo": "dyalog-nixos",
        "type": "github"
      }
    },
    "flake-utils": {
      "locked": {
        "lastModified": 1623875721,
        "narHash": "sha256-A8BU7bjS5GirpAUv4QA+QnJ4CceLHkcXdRp4xITDB0s=",
        "owner": "numtide",
        "repo": "flake-utils",
        "rev": "f7e004a55b120c02ecb6219596820fcd32ca8772",
        "type": "github"
      },
      "original": {
        "owner": "numtide",
        "repo": "flake-utils",
        "type": "github"
      }
    },
    "home-manager": {
      "inputs": {
        "nixpkgs": [
          "nixpkgs"
        ]
      },
      "locked": {
        "lastModified": 1631134124,
        "narHash": "sha256-C17wJ2HyuFZllJ/PbpFuuDjkzWvg8np9UIAdSrpuwS0=",
        "owner": "nix-community",
        "repo": "home-manager",
        "rev": "039f786e609fdb3cfd9c5520ff3791750c3eaebf",
        "type": "github"
      },
      "original": {
        "owner": "nix-community",
        "repo": "home-manager",
        "type": "github"
      }
    },
    "naersk": {
      "inputs": {
        "nixpkgs": [
          "nixpkgs"
        ]
      },
      "locked": {
        "lastModified": 1629707199,
        "narHash": "sha256-sGxlmfp5eXL5sAMNqHSb04Zq6gPl+JeltIZ226OYN0w=",
        "owner": "nmattia",
        "repo": "naersk",
        "rev": "df71f5e4babda41cd919a8684b72218e2e809fa9",
        "type": "github"
      },
      "original": {
        "owner": "nmattia",
        "repo": "naersk",
        "type": "github"
      }
    },
    "nest-nvim": {
      "flake": false,
      "locked": {
        "lastModified": 1629806897,
        "narHash": "sha256-/AMiEXtC3qEg8EYyrKTEQ3NtLss/y42E7VW2TdlHe8g=",
        "owner": "lionc",
        "repo": "nest.nvim",
        "rev": "fbd999abfeb717d6d1c7308cc55ecfb581fa5161",
        "type": "github"
      },
      "original": {
        "owner": "lionc",
        "repo": "nest.nvim",
        "type": "github"
      }
    },
    "nixpkgs": {
      "locked": {
        "lastModified": 1631295156,
        "narHash": "sha256-jIriDkYUU09njpjvpRiS2/Yy+iKpmalCGJ2HnC41ZSQ=",
        "owner": "nixos",
        "repo": "nixpkgs",
        "rev": "bbbe2b35f736d039884e082ecc6d6e631e126029",
        "type": "github"
      },
      "original": {
        "owner": "nixos",
        "ref": "nixos-unstable",
        "repo": "nixpkgs",
        "type": "github"
      }
    },
    "nixpkgs_2": {
      "locked": {
        "lastModified": 1630248577,
        "narHash": "sha256-9d/yq96TTrnF7qjA6wPYk+rYjWAXwfUmwk3qewezSeg=",
        "owner": "NixOS",
        "repo": "nixpkgs",
        "rev": "8d8a28b47b7c41aeb4ad01a2bd8b7d26986c3512",
        "type": "github"
      },
      "original": {
        "owner": "NixOS",
        "ref": "nixos-unstable",
        "repo": "nixpkgs",
        "type": "github"
      }
    },
    "nixpkgs_3": {
      "locked": {
        "lastModified": 1630481079,
        "narHash": "sha256-leWXLchbAbqOlLT6tju631G40SzQWPqaAXQG3zH1Imw=",
        "owner": "nixos",
        "repo": "nixpkgs",
        "rev": "110a2c9ebbf5d4a94486854f18a37a938cfacbbb",
        "type": "github"
      },
      "original": {
        "owner": "nixos",
        "ref": "nixos-21.05",
        "repo": "nixpkgs",
        "type": "github"
      }
    },
    "powercord": {
      "flake": false,
      "locked": {
        "lastModified": 1630330973,
        "narHash": "sha256-ydYbaaOH1hH8NuoTZ/HuEpkXfl7XyEDF4JEogsTQx74=",
        "owner": "powercord-org",
        "repo": "powercord",
        "rev": "5d7500d5a4b1f671ad5fecaa5a7a998408b7149e",
        "type": "github"
      },
      "original": {
        "owner": "powercord-org",
        "repo": "powercord",
        "type": "github"
      }
    },
    "powercord-overlay": {
      "inputs": {
        "nixpkgs": "nixpkgs_2",
        "powercord": "powercord",
        "utils": "utils"
      },
      "locked": {
        "lastModified": 1630379957,
        "narHash": "sha256-55hkdoICwt3AORUW9DbPDh70+odIiCvPxYXheU1fEoM=",
        "owner": "lavadesu",
        "repo": "powercord-overlay",
        "rev": "fc808c502a97a772a3f49d93833dcc9e7b2646e8",
        "type": "github"
      },
      "original": {
        "owner": "lavadesu",
        "repo": "powercord-overlay",
        "type": "github"
      }
    },
    "rnix-lsp": {
      "inputs": {
        "naersk": "naersk",
        "nixpkgs": "nixpkgs_3",
        "utils": "utils_2"
      },
      "locked": {
        "lastModified": 1631097616,
        "narHash": "sha256-QRj5UbsplV2Hpy8syF3INOok42Bi0Z4+IfRX+njSda8=",
        "owner": "nix-community",
        "repo": "rnix-lsp",
        "rev": "a9f24f2c765675f7dc794328331864e0a53dcada",
        "type": "github"
      },
      "original": {
        "owner": "nix-community",
        "repo": "rnix-lsp",
        "type": "github"
      }
    },
    "root": {
      "inputs": {
        "dracula-nvim": "dracula-nvim",
        "dracula-powercord": "dracula-powercord",
        "dyalog-nixos": "dyalog-nixos",
        "home-manager": "home-manager",
        "nest-nvim": "nest-nvim",
        "nixpkgs": "nixpkgs",
        "powercord-overlay": "powercord-overlay",
        "rnix-lsp": "rnix-lsp",
        "v-vim": "v-vim"
      }
    },
    "utils": {
      "inputs": {
        "flake-utils": "flake-utils"
      },
      "locked": {
        "lastModified": 1628855985,
        "narHash": "sha256-OqhVFoCCA6GfGuMhZXQ5CrmZUYsumCJTwI72FOMf82I=",
        "owner": "gytis-ivaskevicius",
        "repo": "flake-utils-plus",
        "rev": "a79a0b86e59dc087df6704f9b13b1ed951ef5c5f",
        "type": "github"
      },
      "original": {
        "owner": "gytis-ivaskevicius",
        "ref": "staging",
        "repo": "flake-utils-plus",
        "type": "github"
      }
    },
    "utils_2": {
      "locked": {
        "lastModified": 1629481132,
        "narHash": "sha256-JHgasjPR0/J1J3DRm4KxM4zTyAj4IOJY8vIl75v/kPI=",
        "owner": "numtide",
        "repo": "flake-utils",
        "rev": "997f7efcb746a9c140ce1f13c72263189225f482",
        "type": "github"
      },
      "original": {
        "owner": "numtide",
        "repo": "flake-utils",
        "type": "github"
      }
    },
    "v-vim": {
      "flake": false,
      "locked": {
        "lastModified": 1622591649,
        "narHash": "sha256-qvMQmu0bzaM3SWyxhDoyWd1MwwmFUaFtf9xG9Lk1pLw=",
        "owner": "ollykel",
        "repo": "v-vim",
        "rev": "f7f3a9a8402ae7276df2e4bc8b3bad62d16874b5",
        "type": "github"
      },
      "original": {
        "owner": "ollykel",
        "repo": "v-vim",
        "type": "github"
      }
    }
  },
  "root": "root",
  "version": 7
}
