{
  "nodes": {
    "dracula-nvim": {
      "flake": false,
      "locked": {
        "lastModified": 1622812531,
        "narHash": "sha256-Zj9Mp7hwBhDr880dQ6RfiSm9xg58tNriwM3DJLKaNr8=",
        "owner": "mofiqul",
        "repo": "dracula.nvim",
        "rev": "2f98ce06c359fa3f9c34d274615b3f269f89e55c",
        "type": "github"
      },
      "original": {
        "owner": "mofiqul",
        "repo": "dracula.nvim",
        "type": "github"
      }
    },
    "dracula-powercord": {
      "flake": false,
      "locked": {
        "lastModified": 1630309800,
        "narHash": "sha256-diYx+SgQ9qJf34LMqutRxoPKckpjDDMqa75vn0sVLy0=",
        "owner": "slowstab",
        "repo": "dracula",
        "rev": "59f1191e8264c4068d1c9e2e7a217293f93832e3",
        "type": "github"
      },
      "original": {
        "owner": "slowstab",
        "repo": "dracula",
        "type": "github"
      }
    },
    "dyalog-nixos": {
      "flake": false,
      "locked": {
        "lastModified": 1630256433,
        "narHash": "sha256-gf9PfWr3DyqetptJRoRMI0bzkmc1PfYH/4SVj3zvA4Q=",
        "owner": "markus1189",
        "repo": "dyalog-nixos",
        "rev": "1277dd0ec3cfde966a0c3fd8f7ac00278d8b515a",
        "type": "github"
      },
      "original": {
        "owner": "markus1189",
        "repo": "dyalog-nixos",
        "type": "github"
      }
    },
    "flake-utils": {
      "locked": {
        "lastModified": 1623875721,
        "narHash": "sha256-A8BU7bjS5GirpAUv4QA+QnJ4CceLHkcXdRp4xITDB0s=",
        "owner": "numtide",
        "repo": "flake-utils",
        "rev": "f7e004a55b120c02ecb6219596820fcd32ca8772",
        "type": "github"
      },
      "original": {
        "owner": "numtide",
        "repo": "flake-utils",
        "type": "github"
      }
    },
    "home-manager": {
      "inputs": {
        "nixpkgs": [
          "nixpkgs"
        ]
      },
      "locked": {
        "lastModified": 1630294974,
        "narHash": "sha256-9e3AKxbCoexrsWFXxQ4QUETNxQlXaffnntEnPOO19oI=",
        "owner": "nix-community",
        "repo": "home-manager",
        "rev": "61ca2fc1c00a275b8bd61582b23195d60fe0fa40",
        "type": "github"
      },
      "original": {
        "owner": "nix-community",
        "repo": "home-manager",
        "type": "github"
      }
    },
    "naersk": {
      "inputs": {
        "nixpkgs": "nixpkgs_3"
      },
      "locked": {
        "lastModified": 1605267184,
        "narHash": "sha256-0FSNlq6nN0/W88fg5kTkgRhAOQ8pI+uSZqBG9w49pMM=",
        "owner": "nmattia",
        "repo": "naersk",
        "rev": "ce273fa593dcc94a629d0d869f07d96d2b337e37",
        "type": "github"
      },
      "original": {
        "owner": "nmattia",
        "repo": "naersk",
        "type": "github"
      }
    },
    "nest-nvim": {
      "flake": false,
      "locked": {
        "lastModified": 1629806897,
        "narHash": "sha256-/AMiEXtC3qEg8EYyrKTEQ3NtLss/y42E7VW2TdlHe8g=",
        "owner": "lionc",
        "repo": "nest.nvim",
        "rev": "fbd999abfeb717d6d1c7308cc55ecfb581fa5161",
        "type": "github"
      },
      "original": {
        "owner": "lionc",
        "repo": "nest.nvim",
        "type": "github"
      }
    },
    "nixpkgs": {
      "locked": {
        "lastModified": 1630248577,
        "narHash": "sha256-9d/yq96TTrnF7qjA6wPYk+rYjWAXwfUmwk3qewezSeg=",
        "owner": "nixos",
        "repo": "nixpkgs",
        "rev": "8d8a28b47b7c41aeb4ad01a2bd8b7d26986c3512",
        "type": "github"
      },
      "original": {
        "owner": "nixos",
        "ref": "nixos-unstable",
        "repo": "nixpkgs",
        "type": "github"
      }
    },
    "nixpkgs_2": {
      "locked": {
        "lastModified": 1630248577,
        "narHash": "sha256-9d/yq96TTrnF7qjA6wPYk+rYjWAXwfUmwk3qewezSeg=",
        "owner": "NixOS",
        "repo": "nixpkgs",
        "rev": "8d8a28b47b7c41aeb4ad01a2bd8b7d26986c3512",
        "type": "github"
      },
      "original": {
        "owner": "NixOS",
        "ref": "nixos-unstable",
        "repo": "nixpkgs",
        "type": "github"
      }
    },
    "nixpkgs_3": {
      "locked": {
        "lastModified": 1605988311,
        "narHash": "sha256-PA+kgq46NApOAJlmBNJHs5DwsIrY+jodM0e4g7VtXyY=",
        "owner": "NixOS",
        "repo": "nixpkgs",
        "rev": "2247d824fe07f16325596acc7faa286502faffd1",
        "type": "github"
      },
      "original": {
        "id": "nixpkgs",
        "type": "indirect"
      }
    },
    "nixpkgs_4": {
      "locked": {
        "lastModified": 1605988311,
        "narHash": "sha256-PA+kgq46NApOAJlmBNJHs5DwsIrY+jodM0e4g7VtXyY=",
        "owner": "NixOS",
        "repo": "nixpkgs",
        "rev": "2247d824fe07f16325596acc7faa286502faffd1",
        "type": "github"
      },
      "original": {
        "id": "nixpkgs",
        "type": "indirect"
      }
    },
    "powercord": {
      "flake": false,
      "locked": {
        "lastModified": 1630330973,
        "narHash": "sha256-ydYbaaOH1hH8NuoTZ/HuEpkXfl7XyEDF4JEogsTQx74=",
        "owner": "powercord-org",
        "repo": "powercord",
        "rev": "5d7500d5a4b1f671ad5fecaa5a7a998408b7149e",
        "type": "github"
      },
      "original": {
        "owner": "powercord-org",
        "repo": "powercord",
        "type": "github"
      }
    },
    "powercord-overlay": {
      "inputs": {
        "nixpkgs": "nixpkgs_2",
        "powercord": "powercord",
        "utils": "utils"
      },
      "locked": {
        "lastModified": 1630379957,
        "narHash": "sha256-55hkdoICwt3AORUW9DbPDh70+odIiCvPxYXheU1fEoM=",
        "owner": "lavadesu",
        "repo": "powercord-overlay",
        "rev": "fc808c502a97a772a3f49d93833dcc9e7b2646e8",
        "type": "github"
      },
      "original": {
        "owner": "lavadesu",
        "repo": "powercord-overlay",
        "type": "github"
      }
    },
    "rnix-lsp": {
      "inputs": {
        "naersk": "naersk",
        "nixpkgs": "nixpkgs_4",
        "utils": "utils_2"
      },
      "locked": {
        "lastModified": 1629546589,
        "narHash": "sha256-6pGsvdePazK9J5k7pdm78zomSxt3+3TmxBA2OOPY9V4=",
        "owner": "nix-community",
        "repo": "rnix-lsp",
        "rev": "8a00223428f3fcc9dbe639fb0d1d4a062c341b98",
        "type": "github"
      },
      "original": {
        "owner": "nix-community",
        "repo": "rnix-lsp",
        "type": "github"
      }
    },
    "root": {
      "inputs": {
        "dracula-nvim": "dracula-nvim",
        "dracula-powercord": "dracula-powercord",
        "dyalog-nixos": "dyalog-nixos",
        "home-manager": "home-manager",
        "nest-nvim": "nest-nvim",
        "nixpkgs": "nixpkgs",
        "powercord-overlay": "powercord-overlay",
        "rnix-lsp": "rnix-lsp",
        "v-vim": "v-vim"
      }
    },
    "utils": {
      "inputs": {
        "flake-utils": "flake-utils"
      },
      "locked": {
        "lastModified": 1628855985,
        "narHash": "sha256-OqhVFoCCA6GfGuMhZXQ5CrmZUYsumCJTwI72FOMf82I=",
        "owner": "gytis-ivaskevicius",
        "repo": "flake-utils-plus",
        "rev": "a79a0b86e59dc087df6704f9b13b1ed951ef5c5f",
        "type": "github"
      },
      "original": {
        "owner": "gytis-ivaskevicius",
        "ref": "staging",
        "repo": "flake-utils-plus",
        "type": "github"
      }
    },
    "utils_2": {
      "locked": {
        "lastModified": 1605370193,
        "narHash": "sha256-YyMTf3URDL/otKdKgtoMChu4vfVL3vCMkRqpGifhUn0=",
        "owner": "numtide",
        "repo": "flake-utils",
        "rev": "5021eac20303a61fafe17224c087f5519baed54d",
        "type": "github"
      },
      "original": {
        "owner": "numtide",
        "repo": "flake-utils",
        "type": "github"
      }
    },
    "v-vim": {
      "flake": false,
      "locked": {
        "lastModified": 1622591649,
        "narHash": "sha256-qvMQmu0bzaM3SWyxhDoyWd1MwwmFUaFtf9xG9Lk1pLw=",
        "owner": "ollykel",
        "repo": "v-vim",
        "rev": "f7f3a9a8402ae7276df2e4bc8b3bad62d16874b5",
        "type": "github"
      },
      "original": {
        "owner": "ollykel",
        "repo": "v-vim",
        "type": "github"
      }
    }
  },
  "root": "root",
  "version": 7
}
